<?xml version="1.0" encoding="utf-8"?>
<Project ToolsVersion="4.0" xmlns="http://schemas.microsoft.com/developer/msbuild/2003">
  <ItemGroup>
    <Filter Include="Source Files">
      <UniqueIdentifier>{4FC737F1-C7A5-4376-A066-2A32D752A2FF}</UniqueIdentifier>
      <Extensions>cpp;c;cc;cxx;c++;cppm;ixx;def;odl;idl;hpj;bat;asm;asmx</Extensions>
    </Filter>
    <Filter Include="Header Files">
      <UniqueIdentifier>{93995380-89BD-4b04-88EB-625FBE52EBFB}</UniqueIdentifier>
      <Extensions>h;hh;hpp;hxx;h++;hm;inl;inc;ipp;xsd</Extensions>
    </Filter>
    <Filter Include="Resource Files">
      <UniqueIdentifier>{67DA6AB6-F800-4c08-8B7A-83BB121AAD01}</UniqueIdentifier>
      <Extensions>rc;ico;cur;bmp;dlg;rc2;rct;bin;rgs;gif;jpg;jpeg;jpe;resx;tiff;tif;png;wav;mfcribbon-ms</Extensions>
    </Filter>
    <Filter Include="Resource Files\Classes">
      <UniqueIdentifier>{fbfa3414-0bc7-4f97-8afa-8e0410dfd066}</UniqueIdentifier>
    </Filter>
    <Filter Include="Resource Files\Composicion">
      <UniqueIdentifier>{ce0665c5-a6a6-4089-a2ce-cc01c203f66c}</UniqueIdentifier>
    </Filter>
    <Filter Include="Resource Files\Agregacion">
      <UniqueIdentifier>{8424f81a-8623-4c3b-adf0-5182d93fc5c1}</UniqueIdentifier>
    </Filter>
    <Filter Include="Resource Files\Herencias">
      <UniqueIdentifier>{7a2dda61-a723-45db-bbf9-bcd2ac80dd2d}</UniqueIdentifier>
    </Filter>
    <Filter Include="Resource Files\Herencias\EjemploSimple">
      <UniqueIdentifier>{6083b187-ef08-45a3-acd6-14301486a16d}</UniqueIdentifier>
    </Filter>
    <Filter Include="Resource Files\Herencias\RPG">
      <UniqueIdentifier>{5b1a7a45-7748-43b5-97da-c91f229432e6}</UniqueIdentifier>
    </Filter>
    <Filter Include="Resource Files\Polimorfismo">
      <UniqueIdentifier>{246544ce-bdf3-4565-b81e-a6d81e0c97bb}</UniqueIdentifier>
    </Filter>
  </ItemGroup>
  <ItemGroup>
    <ClCompile Include="src\main.cpp">
      <Filter>Source Files</Filter>
    </ClCompile>
  </ItemGroup>
  <ItemGroup>
    <ClInclude Include="include\Prerequisites.h">
      <Filter>Resource Files</Filter>
    </ClInclude>
    <ClInclude Include="include\Player.h">
      <Filter>Resource Files\Classes</Filter>
    </ClInclude>
    <ClInclude Include="include\BankAccount.h">
      <Filter>Resource Files\Classes</Filter>
    </ClInclude>
    <ClInclude Include="include\Bank.h">
      <Filter>Resource Files\Classes</Filter>
    </ClInclude>
    <ClInclude Include="include\User.h">
      <Filter>Header Files</Filter>
    </ClInclude>
    <ClInclude Include="include\Vector2D.h">
      <Filter>Resource Files\Classes</Filter>
    </ClInclude>
    <ClInclude Include="include\Enemy.h">
      <Filter>Resource Files\Classes</Filter>
    </ClInclude>
    <ClInclude Include="include\Cadena.h">
      <Filter>Resource Files\Classes</Filter>
    </ClInclude>
    <ClInclude Include="include\Motor.h">
      <Filter>Resource Files\Composicion</Filter>
    </ClInclude>
    <ClInclude Include="include\Conductor.h">
      <Filter>Resource Files\Agregacion</Filter>
    </ClInclude>
    <ClInclude Include="include\Mochila.h">
      <Filter>Resource Files\Composicion</Filter>
    </ClInclude>
    <ClInclude Include="include\Animal.h">
      <Filter>Resource Files\Herencias\EjemploSimple</Filter>
    </ClInclude>
    <ClInclude Include="include\Perro.h">
      <Filter>Resource Files\Herencias\EjemploSimple</Filter>
    </ClInclude>
    <ClInclude Include="include\Personaje.h">
      <Filter>Resource Files\Herencias\RPG</Filter>
    </ClInclude>
    <ClInclude Include="include\Guerrero.h">
      <Filter>Resource Files\Herencias\RPG</Filter>
    </ClInclude>
    <ClInclude Include="include\Mago.h">
      <Filter>Resource Files\Herencias\RPG</Filter>
    </ClInclude>
    <ClInclude Include="include\Arquero.h">
      <Filter>Resource Files\Herencias\RPG</Filter>
    </ClInclude>
    <ClInclude Include="include\Figura.h">
      <Filter>Resource Files\Polimorfismo</Filter>
    </ClInclude>
    <ClInclude Include="include\Circulo.h">
      <Filter>Resource Files\Polimorfismo</Filter>
    </ClInclude>
    <ClInclude Include="include\Cuadrado.h">
      <Filter>Resource Files\Polimorfismo</Filter>
    </ClInclude>
    <ClInclude Include="include\Triangulo.h">
      <Filter>Resource Files\Polimorfismo</Filter>
    </ClInclude>
  </ItemGroup>
</Project>